
Microsoft Visual Studio Solution File, Format Version 12.00
# Visual Studio Version 17
VisualStudioVersion = 17.1.32210.238
MinimumVisualStudioVersion = 10.0.40219.1
Project("{FAE04EC0-301F-11D3-BF4B-00C04F79EFBC}") = "DataSpider.PC00.PT", "DataSpider.PC00.PT\DataSpider.PC00.PT.csproj", "{8F9640E0-96F9-4723-8AEC-CD681924F0F9}"
EndProject
Project("{FAE04EC0-301F-11D3-BF4B-00C04F79EFBC}") = "DataSpider.PC01.PT", "DataSpider.PC01.PT\DataSpider.PC01.PT.csproj", "{D637ADCB-707E-4591-844E-269A212729DF}"
EndProject
Project("{FAE04EC0-301F-11D3-BF4B-00C04F79EFBC}") = "DataSpider.PC02.PT", "DataSpider.PC02.PT\DataSpider.PC02.PT.csproj", "{25001649-7489-4C96-8377-0397F3E3EB03}"
EndProject
Project("{FAE04EC0-301F-11D3-BF4B-00C04F79EFBC}") = "DataSpider.PC03.PT", "DataSpider.PC03.PT\DataSpider.PC03.PT.csproj", "{F2A078E5-E0C1-4E7F-94A8-6D4153C01DD0}"
EndProject
Project("{FAE04EC0-301F-11D3-BF4B-00C04F79EFBC}") = "LibraryWH", "LibraryWH\LibraryWH.csproj", "{EABC6E8D-24AB-4A89-846C-95F89647E574}"
EndProject
Project("{FAE04EC0-301F-11D3-BF4B-00C04F79EFBC}") = "DataSpider.MANAGER", "DataSpider.MANAGER\DataSpider.MANAGER.csproj", "{3B784C03-DC01-486B-9991-CE426E883963}"
EndProject
Project("{FAE04EC0-301F-11D3-BF4B-00C04F79EFBC}") = "OpcUaClient", "OpcUaClient\OpcUaClient.csproj", "{932A5470-70A8-4B9F-9FE0-69ECD496D33C}"
EndProject
Project("{FAE04EC0-301F-11D3-BF4B-00C04F79EFBC}") = "DataSpider.FailoverManager", "DataSpider.FailoverManager\DataSpider.FailoverManager.csproj", "{FDBC7F90-FCDA-4365-8503-7F2183A82F82}"
EndProject
Global
	GlobalSection(SolutionConfigurationPlatforms) = preSolution
		Debug|Any CPU = Debug|Any CPU
		Debug|x86 = Debug|x86
		Release|Any CPU = Release|Any CPU
		Release|x86 = Release|x86
	EndGlobalSection
	GlobalSection(ProjectConfigurationPlatforms) = postSolution
		{8F9640E0-96F9-4723-8AEC-CD681924F0F9}.Debug|Any CPU.ActiveCfg = Debug|Any CPU
		{8F9640E0-96F9-4723-8AEC-CD681924F0F9}.Debug|Any CPU.Build.0 = Debug|Any CPU
		{8F9640E0-96F9-4723-8AEC-CD681924F0F9}.Debug|x86.ActiveCfg = Debug|Any CPU
		{8F9640E0-96F9-4723-8AEC-CD681924F0F9}.Debug|x86.Build.0 = Debug|Any CPU
		{8F9640E0-96F9-4723-8AEC-CD681924F0F9}.Release|Any CPU.ActiveCfg = Release|Any CPU
		{8F9640E0-96F9-4723-8AEC-CD681924F0F9}.Release|Any CPU.Build.0 = Release|Any CPU
		{8F9640E0-96F9-4723-8AEC-CD681924F0F9}.Release|x86.ActiveCfg = Release|Any CPU
		{8F9640E0-96F9-4723-8AEC-CD681924F0F9}.Release|x86.Build.0 = Release|Any CPU
		{D637ADCB-707E-4591-844E-269A212729DF}.Debug|Any CPU.ActiveCfg = Debug|Any CPU
		{D637ADCB-707E-4591-844E-269A212729DF}.Debug|Any CPU.Build.0 = Debug|Any CPU
		{D637ADCB-707E-4591-844E-269A212729DF}.Debug|x86.ActiveCfg = Debug|Any CPU
		{D637ADCB-707E-4591-844E-269A212729DF}.Debug|x86.Build.0 = Debug|Any CPU
		{D637ADCB-707E-4591-844E-269A212729DF}.Release|Any CPU.ActiveCfg = Release|Any CPU
		{D637ADCB-707E-4591-844E-269A212729DF}.Release|Any CPU.Build.0 = Release|Any CPU
		{D637ADCB-707E-4591-844E-269A212729DF}.Release|x86.ActiveCfg = Release|Any CPU
		{D637ADCB-707E-4591-844E-269A212729DF}.Release|x86.Build.0 = Release|Any CPU
		{25001649-7489-4C96-8377-0397F3E3EB03}.Debug|Any CPU.ActiveCfg = Debug|Any CPU
		{25001649-7489-4C96-8377-0397F3E3EB03}.Debug|Any CPU.Build.0 = Debug|Any CPU
		{25001649-7489-4C96-8377-0397F3E3EB03}.Debug|x86.ActiveCfg = Debug|Any CPU
		{25001649-7489-4C96-8377-0397F3E3EB03}.Debug|x86.Build.0 = Debug|Any CPU
		{25001649-7489-4C96-8377-0397F3E3EB03}.Release|Any CPU.ActiveCfg = Release|Any CPU
		{25001649-7489-4C96-8377-0397F3E3EB03}.Release|Any CPU.Build.0 = Release|Any CPU
		{25001649-7489-4C96-8377-0397F3E3EB03}.Release|x86.ActiveCfg = Release|Any CPU
		{25001649-7489-4C96-8377-0397F3E3EB03}.Release|x86.Build.0 = Release|Any CPU
		{F2A078E5-E0C1-4E7F-94A8-6D4153C01DD0}.Debug|Any CPU.ActiveCfg = Debug|Any CPU
		{F2A078E5-E0C1-4E7F-94A8-6D4153C01DD0}.Debug|Any CPU.Build.0 = Debug|Any CPU
		{F2A078E5-E0C1-4E7F-94A8-6D4153C01DD0}.Debug|x86.ActiveCfg = Debug|Any CPU
		{F2A078E5-E0C1-4E7F-94A8-6D4153C01DD0}.Debug|x86.Build.0 = Debug|Any CPU
		{F2A078E5-E0C1-4E7F-94A8-6D4153C01DD0}.Release|Any CPU.ActiveCfg = Release|Any CPU
		{F2A078E5-E0C1-4E7F-94A8-6D4153C01DD0}.Release|Any CPU.Build.0 = Release|Any CPU
		{F2A078E5-E0C1-4E7F-94A8-6D4153C01DD0}.Release|x86.ActiveCfg = Release|Any CPU
		{F2A078E5-E0C1-4E7F-94A8-6D4153C01DD0}.Release|x86.Build.0 = Release|Any CPU
		{EABC6E8D-24AB-4A89-846C-95F89647E574}.Debug|Any CPU.ActiveCfg = Debug|Any CPU
		{EABC6E8D-24AB-4A89-846C-95F89647E574}.Debug|Any CPU.Build.0 = Debug|Any CPU
		{EABC6E8D-24AB-4A89-846C-95F89647E574}.Debug|x86.ActiveCfg = Debug|Any CPU
		{EABC6E8D-24AB-4A89-846C-95F89647E574}.Debug|x86.Build.0 = Debug|Any CPU
		{EABC6E8D-24AB-4A89-846C-95F89647E574}.Release|Any CPU.ActiveCfg = Release|Any CPU
		{EABC6E8D-24AB-4A89-846C-95F89647E574}.Release|Any CPU.Build.0 = Release|Any CPU
		{EABC6E8D-24AB-4A89-846C-95F89647E574}.Release|x86.ActiveCfg = Release|Any CPU
		{EABC6E8D-24AB-4A89-846C-95F89647E574}.Release|x86.Build.0 = Release|Any CPU
		{3B784C03-DC01-486B-9991-CE426E883963}.Debug|Any CPU.ActiveCfg = Debug|Any CPU
		{3B784C03-DC01-486B-9991-CE426E883963}.Debug|Any CPU.Build.0 = Debug|Any CPU
		{3B784C03-DC01-486B-9991-CE426E883963}.Debug|x86.ActiveCfg = Debug|Any CPU
		{3B784C03-DC01-486B-9991-CE426E883963}.Debug|x86.Build.0 = Debug|Any CPU
		{3B784C03-DC01-486B-9991-CE426E883963}.Release|Any CPU.ActiveCfg = Release|Any CPU
		{3B784C03-DC01-486B-9991-CE426E883963}.Release|Any CPU.Build.0 = Release|Any CPU
		{3B784C03-DC01-486B-9991-CE426E883963}.Release|x86.ActiveCfg = Release|Any CPU
		{3B784C03-DC01-486B-9991-CE426E883963}.Release|x86.Build.0 = Release|Any CPU
		{932A5470-70A8-4B9F-9FE0-69ECD496D33C}.Debug|Any CPU.ActiveCfg = Debug|Any CPU
		{932A5470-70A8-4B9F-9FE0-69ECD496D33C}.Debug|Any CPU.Build.0 = Debug|Any CPU
		{932A5470-70A8-4B9F-9FE0-69ECD496D33C}.Debug|x86.ActiveCfg = Debug|Any CPU
		{932A5470-70A8-4B9F-9FE0-69ECD496D33C}.Debug|x86.Build.0 = Debug|Any CPU
		{932A5470-70A8-4B9F-9FE0-69ECD496D33C}.Release|Any CPU.ActiveCfg = Release|Any CPU
		{932A5470-70A8-4B9F-9FE0-69ECD496D33C}.Release|Any CPU.Build.0 = Release|Any CPU
		{932A5470-70A8-4B9F-9FE0-69ECD496D33C}.Release|x86.ActiveCfg = Release|Any CPU
		{932A5470-70A8-4B9F-9FE0-69ECD496D33C}.Release|x86.Build.0 = Release|Any CPU
		{FDBC7F90-FCDA-4365-8503-7F2183A82F82}.Debug|Any CPU.ActiveCfg = Debug|Any CPU
		{FDBC7F90-FCDA-4365-8503-7F2183A82F82}.Debug|Any CPU.Build.0 = Debug|Any CPU
		{FDBC7F90-FCDA-4365-8503-7F2183A82F82}.Debug|x86.ActiveCfg = Debug|Any CPU
		{FDBC7F90-FCDA-4365-8503-7F2183A82F82}.Debug|x86.Build.0 = Debug|Any CPU
		{FDBC7F90-FCDA-4365-8503-7F2183A82F82}.Release|Any CPU.ActiveCfg = Release|Any CPU
		{FDBC7F90-FCDA-4365-8503-7F2183A82F82}.Release|Any CPU.Build.0 = Release|Any CPU
		{FDBC7F90-FCDA-4365-8503-7F2183A82F82}.Release|x86.ActiveCfg = Release|Any CPU
		{FDBC7F90-FCDA-4365-8503-7F2183A82F82}.Release|x86.Build.0 = Release|Any CPU
	EndGlobalSection
	GlobalSection(SolutionProperties) = preSolution
		HideSolutionNode = FALSE
	EndGlobalSection
	GlobalSection(ExtensibilityGlobals) = postSolution
		SolutionGuid = {156ADB26-5F22-4B84-AF1E-8D801C6E903B}
	EndGlobalSection
EndGlobal
