
Microsoft Visual Studio Solution File, Format Version 12.00
# Visual Studio Version 16
VisualStudioVersion = 16.0.30717.126
MinimumVisualStudioVersion = 10.0.40219.1
Project("{FAE04EC0-301F-11D3-BF4B-00C04F79EFBC}") = "DataSpider.PC01.PT", "DataSpider.PC01.PT.csproj", "{D637ADCB-707E-4591-844E-269A212729DF}"
EndProject
Project("{FAE04EC0-301F-11D3-BF4B-00C04F79EFBC}") = "DataSpider.PC00.PT", "..\DataSpider.PC00.PT\DataSpider.PC00.PT.csproj", "{8F9640E0-96F9-4723-8AEC-CD681924F0F9}"
EndProject
Global
	GlobalSection(SolutionConfigurationPlatforms) = preSolution
		Debug|Any CPU = Debug|Any CPU
		Release|Any CPU = Release|Any CPU
	EndGlobalSection
	GlobalSection(ProjectConfigurationPlatforms) = postSolution
		{D637ADCB-707E-4591-844E-269A212729DF}.Debug|Any CPU.ActiveCfg = Debug|Any CPU
		{D637ADCB-707E-4591-844E-269A212729DF}.Debug|Any CPU.Build.0 = Debug|Any CPU
		{D637ADCB-707E-4591-844E-269A212729DF}.Release|Any CPU.ActiveCfg = Release|Any CPU
		{D637ADCB-707E-4591-844E-269A212729DF}.Release|Any CPU.Build.0 = Release|Any CPU
		{8F9640E0-96F9-4723-8AEC-CD681924F0F9}.Debug|Any CPU.ActiveCfg = Debug|Any CPU
		{8F9640E0-96F9-4723-8AEC-CD681924F0F9}.Debug|Any CPU.Build.0 = Debug|Any CPU
		{8F9640E0-96F9-4723-8AEC-CD681924F0F9}.Release|Any CPU.ActiveCfg = Release|Any CPU
		{8F9640E0-96F9-4723-8AEC-CD681924F0F9}.Release|Any CPU.Build.0 = Release|Any CPU
	EndGlobalSection
	GlobalSection(SolutionProperties) = preSolution
		HideSolutionNode = FALSE
	EndGlobalSection
	GlobalSection(ExtensibilityGlobals) = postSolution
		SolutionGuid = {9397A155-3A67-422C-A24F-928B124D15DA}
	EndGlobalSection
EndGlobal
